
Microsoft Visual Studio Solution File, Format Version 12.00
# Visual Studio Version 16
VisualStudioVersion = 16.0.30907.101
MinimumVisualStudioVersion = 10.0.40219.1
Project("{FAE04EC0-301F-11D3-BF4B-00C04F79EFBC}") = "EmployeeService", "EmployeeService\EmployeeService.csproj", "{3E0FA682-AF5A-4BE9-867C-E70B811D60F4}"
EndProject
Project("{FAE04EC0-301F-11D3-BF4B-00C04F79EFBC}") = "EmployeeDataAccess", "EmployeeDataAccess\EmployeeDataAccess.csproj", "{F3302260-A08C-4A5C-977B-281A0D6E63C9}"
EndProject
Global
	GlobalSection(SolutionConfigurationPlatforms) = preSolution
		Debug|Any CPU = Debug|Any CPU
		Release|Any CPU = Release|Any CPU
	EndGlobalSection
	GlobalSection(ProjectConfigurationPlatforms) = postSolution
		{3E0FA682-AF5A-4BE9-867C-E70B811D60F4}.Debug|Any CPU.ActiveCfg = Debug|Any CPU
		{3E0FA682-AF5A-4BE9-867C-E70B811D60F4}.Debug|Any CPU.Build.0 = Debug|Any CPU
		{3E0FA682-AF5A-4BE9-867C-E70B811D60F4}.Release|Any CPU.ActiveCfg = Release|Any CPU
		{3E0FA682-AF5A-4BE9-867C-E70B811D60F4}.Release|Any CPU.Build.0 = Release|Any CPU
		{F3302260-A08C-4A5C-977B-281A0D6E63C9}.Debug|Any CPU.ActiveCfg = Debug|Any CPU
		{F3302260-A08C-4A5C-977B-281A0D6E63C9}.Debug|Any CPU.Build.0 = Debug|Any CPU
		{F3302260-A08C-4A5C-977B-281A0D6E63C9}.Release|Any CPU.ActiveCfg = Release|Any CPU
		{F3302260-A08C-4A5C-977B-281A0D6E63C9}.Release|Any CPU.Build.0 = Release|Any CPU
	EndGlobalSection
	GlobalSection(SolutionProperties) = preSolution
		HideSolutionNode = FALSE
	EndGlobalSection
	GlobalSection(ExtensibilityGlobals) = postSolution
		SolutionGuid = {DD007171-06EC-482A-8A3A-B939A8D0005D}
	EndGlobalSection
EndGlobal
